
Microsoft Visual Studio Solution File, Format Version 12.00
# Visual Studio Version 16
VisualStudioVersion = 16.0.31205.134
MinimumVisualStudioVersion = 10.0.40219.1
Project("{9A19103F-16F7-4668-BE54-9A1E7A4F7556}") = "TestApp", "TestApp\TestApp.csproj", "{FD49A918-0F1A-4F6B-8AC4-8A5DBE62A7AE}"
EndProject
Project("{FAE04EC0-301F-11D3-BF4B-00C04F79EFBC}") = "TestApp.Android", "TestApp.Android\TestApp.Android.csproj", "{187C403E-CA3D-40B2-B70C-A207745C03DA}"
EndProject
Project("{FAE04EC0-301F-11D3-BF4B-00C04F79EFBC}") = "TestApp.iOS", "TestApp.iOS\TestApp.iOS.csproj", "{2A6E07AB-7D59-4A36-BFFD-B8D35FA34458}"
EndProject
Global
	GlobalSection(SolutionConfigurationPlatforms) = preSolution
		Ad-Hoc|Any CPU = Ad-Hoc|Any CPU
		Ad-Hoc|iPhone = Ad-Hoc|iPhone
		Ad-Hoc|iPhoneSimulator = Ad-Hoc|iPhoneSimulator
		AppStore|Any CPU = AppStore|Any CPU
		AppStore|iPhone = AppStore|iPhone
		AppStore|iPhoneSimulator = AppStore|iPhoneSimulator
		Debug|Any CPU = Debug|Any CPU
		Debug|iPhone = Debug|iPhone
		Debug|iPhoneSimulator = Debug|iPhoneSimulator
		Release|Any CPU = Release|Any CPU
		Release|iPhone = Release|iPhone
		Release|iPhoneSimulator = Release|iPhoneSimulator
	EndGlobalSection
	GlobalSection(ProjectConfigurationPlatforms) = postSolution
		{FD49A918-0F1A-4F6B-8AC4-8A5DBE62A7AE}.Ad-Hoc|Any CPU.ActiveCfg = Debug|Any CPU
		{FD49A918-0F1A-4F6B-8AC4-8A5DBE62A7AE}.Ad-Hoc|Any CPU.Build.0 = Debug|Any CPU
		{FD49A918-0F1A-4F6B-8AC4-8A5DBE62A7AE}.Ad-Hoc|iPhone.ActiveCfg = Debug|Any CPU
		{FD49A918-0F1A-4F6B-8AC4-8A5DBE62A7AE}.Ad-Hoc|iPhone.Build.0 = Debug|Any CPU
		{FD49A918-0F1A-4F6B-8AC4-8A5DBE62A7AE}.Ad-Hoc|iPhoneSimulator.ActiveCfg = Debug|Any CPU
		{FD49A918-0F1A-4F6B-8AC4-8A5DBE62A7AE}.Ad-Hoc|iPhoneSimulator.Build.0 = Debug|Any CPU
		{FD49A918-0F1A-4F6B-8AC4-8A5DBE62A7AE}.AppStore|Any CPU.ActiveCfg = Debug|Any CPU
		{FD49A918-0F1A-4F6B-8AC4-8A5DBE62A7AE}.AppStore|Any CPU.Build.0 = Debug|Any CPU
		{FD49A918-0F1A-4F6B-8AC4-8A5DBE62A7AE}.AppStore|iPhone.ActiveCfg = Debug|Any CPU
		{FD49A918-0F1A-4F6B-8AC4-8A5DBE62A7AE}.AppStore|iPhone.Build.0 = Debug|Any CPU
		{FD49A918-0F1A-4F6B-8AC4-8A5DBE62A7AE}.AppStore|iPhoneSimulator.ActiveCfg = Debug|Any CPU
		{FD49A918-0F1A-4F6B-8AC4-8A5DBE62A7AE}.AppStore|iPhoneSimulator.Build.0 = Debug|Any CPU
		{FD49A918-0F1A-4F6B-8AC4-8A5DBE62A7AE}.Debug|Any CPU.ActiveCfg = Debug|Any CPU
		{FD49A918-0F1A-4F6B-8AC4-8A5DBE62A7AE}.Debug|Any CPU.Build.0 = Debug|Any CPU
		{FD49A918-0F1A-4F6B-8AC4-8A5DBE62A7AE}.Debug|iPhone.ActiveCfg = Debug|Any CPU
		{FD49A918-0F1A-4F6B-8AC4-8A5DBE62A7AE}.Debug|iPhone.Build.0 = Debug|Any CPU
		{FD49A918-0F1A-4F6B-8AC4-8A5DBE62A7AE}.Debug|iPhoneSimulator.ActiveCfg = Debug|Any CPU
		{FD49A918-0F1A-4F6B-8AC4-8A5DBE62A7AE}.Debug|iPhoneSimulator.Build.0 = Debug|Any CPU
		{FD49A918-0F1A-4F6B-8AC4-8A5DBE62A7AE}.Release|Any CPU.ActiveCfg = Release|Any CPU
		{FD49A918-0F1A-4F6B-8AC4-8A5DBE62A7AE}.Release|Any CPU.Build.0 = Release|Any CPU
		{FD49A918-0F1A-4F6B-8AC4-8A5DBE62A7AE}.Release|iPhone.ActiveCfg = Release|Any CPU
		{FD49A918-0F1A-4F6B-8AC4-8A5DBE62A7AE}.Release|iPhone.Build.0 = Release|Any CPU
		{FD49A918-0F1A-4F6B-8AC4-8A5DBE62A7AE}.Release|iPhoneSimulator.ActiveCfg = Release|Any CPU
		{FD49A918-0F1A-4F6B-8AC4-8A5DBE62A7AE}.Release|iPhoneSimulator.Build.0 = Release|Any CPU
		{187C403E-CA3D-40B2-B70C-A207745C03DA}.Ad-Hoc|Any CPU.ActiveCfg = Debug|Any CPU
		{187C403E-CA3D-40B2-B70C-A207745C03DA}.Ad-Hoc|Any CPU.Build.0 = Debug|Any CPU
		{187C403E-CA3D-40B2-B70C-A207745C03DA}.Ad-Hoc|Any CPU.Deploy.0 = Debug|Any CPU
		{187C403E-CA3D-40B2-B70C-A207745C03DA}.Ad-Hoc|iPhone.ActiveCfg = Debug|Any CPU
		{187C403E-CA3D-40B2-B70C-A207745C03DA}.Ad-Hoc|iPhone.Build.0 = Debug|Any CPU
		{187C403E-CA3D-40B2-B70C-A207745C03DA}.Ad-Hoc|iPhone.Deploy.0 = Debug|Any CPU
		{187C403E-CA3D-40B2-B70C-A207745C03DA}.Ad-Hoc|iPhoneSimulator.ActiveCfg = Debug|Any CPU
		{187C403E-CA3D-40B2-B70C-A207745C03DA}.Ad-Hoc|iPhoneSimulator.Build.0 = Debug|Any CPU
		{187C403E-CA3D-40B2-B70C-A207745C03DA}.Ad-Hoc|iPhoneSimulator.Deploy.0 = Debug|Any CPU
		{187C403E-CA3D-40B2-B70C-A207745C03DA}.AppStore|Any CPU.ActiveCfg = Debug|Any CPU
		{187C403E-CA3D-40B2-B70C-A207745C03DA}.AppStore|Any CPU.Build.0 = Debug|Any CPU
		{187C403E-CA3D-40B2-B70C-A207745C03DA}.AppStore|Any CPU.Deploy.0 = Debug|Any CPU
		{187C403E-CA3D-40B2-B70C-A207745C03DA}.AppStore|iPhone.ActiveCfg = Debug|Any CPU
		{187C403E-CA3D-40B2-B70C-A207745C03DA}.AppStore|iPhone.Build.0 = Debug|Any CPU
		{187C403E-CA3D-40B2-B70C-A207745C03DA}.AppStore|iPhone.Deploy.0 = Debug|Any CPU
		{187C403E-CA3D-40B2-B70C-A207745C03DA}.AppStore|iPhoneSimulator.ActiveCfg = Debug|Any CPU
		{187C403E-CA3D-40B2-B70C-A207745C03DA}.AppStore|iPhoneSimulator.Build.0 = Debug|Any CPU
		{187C403E-CA3D-40B2-B70C-A207745C03DA}.AppStore|iPhoneSimulator.Deploy.0 = Debug|Any CPU
		{187C403E-CA3D-40B2-B70C-A207745C03DA}.Debug|Any CPU.ActiveCfg = Debug|Any CPU
		{187C403E-CA3D-40B2-B70C-A207745C03DA}.Debug|Any CPU.Build.0 = Debug|Any CPU
		{187C403E-CA3D-40B2-B70C-A207745C03DA}.Debug|Any CPU.Deploy.0 = Debug|Any CPU
		{187C403E-CA3D-40B2-B70C-A207745C03DA}.Debug|iPhone.ActiveCfg = Debug|Any CPU
		{187C403E-CA3D-40B2-B70C-A207745C03DA}.Debug|iPhone.Build.0 = Debug|Any CPU
		{187C403E-CA3D-40B2-B70C-A207745C03DA}.Debug|iPhone.Deploy.0 = Debug|Any CPU
		{187C403E-CA3D-40B2-B70C-A207745C03DA}.Debug|iPhoneSimulator.ActiveCfg = Debug|Any CPU
		{187C403E-CA3D-40B2-B70C-A207745C03DA}.Debug|iPhoneSimulator.Build.0 = Debug|Any CPU
		{187C403E-CA3D-40B2-B70C-A207745C03DA}.Debug|iPhoneSimulator.Deploy.0 = Debug|Any CPU
		{187C403E-CA3D-40B2-B70C-A207745C03DA}.Release|Any CPU.ActiveCfg = Release|Any CPU
		{187C403E-CA3D-40B2-B70C-A207745C03DA}.Release|Any CPU.Build.0 = Release|Any CPU
		{187C403E-CA3D-40B2-B70C-A207745C03DA}.Release|Any CPU.Deploy.0 = Release|Any CPU
		{187C403E-CA3D-40B2-B70C-A207745C03DA}.Release|iPhone.ActiveCfg = Release|Any CPU
		{187C403E-CA3D-40B2-B70C-A207745C03DA}.Release|iPhone.Build.0 = Release|Any CPU
		{187C403E-CA3D-40B2-B70C-A207745C03DA}.Release|iPhone.Deploy.0 = Release|Any CPU
		{187C403E-CA3D-40B2-B70C-A207745C03DA}.Release|iPhoneSimulator.ActiveCfg = Release|Any CPU
		{187C403E-CA3D-40B2-B70C-A207745C03DA}.Release|iPhoneSimulator.Build.0 = Release|Any CPU
		{187C403E-CA3D-40B2-B70C-A207745C03DA}.Release|iPhoneSimulator.Deploy.0 = Release|Any CPU
		{2A6E07AB-7D59-4A36-BFFD-B8D35FA34458}.Ad-Hoc|Any CPU.ActiveCfg = Ad-Hoc|iPhoneSimulator
		{2A6E07AB-7D59-4A36-BFFD-B8D35FA34458}.Ad-Hoc|iPhone.ActiveCfg = Ad-Hoc|iPhone
		{2A6E07AB-7D59-4A36-BFFD-B8D35FA34458}.Ad-Hoc|iPhone.Build.0 = Ad-Hoc|iPhone
		{2A6E07AB-7D59-4A36-BFFD-B8D35FA34458}.Ad-Hoc|iPhoneSimulator.ActiveCfg = Ad-Hoc|iPhoneSimulator
		{2A6E07AB-7D59-4A36-BFFD-B8D35FA34458}.Ad-Hoc|iPhoneSimulator.Build.0 = Ad-Hoc|iPhoneSimulator
		{2A6E07AB-7D59-4A36-BFFD-B8D35FA34458}.AppStore|Any CPU.ActiveCfg = AppStore|iPhoneSimulator
		{2A6E07AB-7D59-4A36-BFFD-B8D35FA34458}.AppStore|iPhone.ActiveCfg = AppStore|iPhone
		{2A6E07AB-7D59-4A36-BFFD-B8D35FA34458}.AppStore|iPhone.Build.0 = AppStore|iPhone
		{2A6E07AB-7D59-4A36-BFFD-B8D35FA34458}.AppStore|iPhoneSimulator.ActiveCfg = AppStore|iPhoneSimulator
		{2A6E07AB-7D59-4A36-BFFD-B8D35FA34458}.AppStore|iPhoneSimulator.Build.0 = AppStore|iPhoneSimulator
		{2A6E07AB-7D59-4A36-BFFD-B8D35FA34458}.Debug|Any CPU.ActiveCfg = Debug|iPhoneSimulator
		{2A6E07AB-7D59-4A36-BFFD-B8D35FA34458}.Debug|iPhone.ActiveCfg = Debug|iPhone
		{2A6E07AB-7D59-4A36-BFFD-B8D35FA34458}.Debug|iPhone.Build.0 = Debug|iPhone
		{2A6E07AB-7D59-4A36-BFFD-B8D35FA34458}.Debug|iPhoneSimulator.ActiveCfg = Debug|iPhoneSimulator
		{2A6E07AB-7D59-4A36-BFFD-B8D35FA34458}.Debug|iPhoneSimulator.Build.0 = Debug|iPhoneSimulator
		{2A6E07AB-7D59-4A36-BFFD-B8D35FA34458}.Release|Any CPU.ActiveCfg = Release|iPhoneSimulator
		{2A6E07AB-7D59-4A36-BFFD-B8D35FA34458}.Release|iPhone.ActiveCfg = Release|iPhone
		{2A6E07AB-7D59-4A36-BFFD-B8D35FA34458}.Release|iPhone.Build.0 = Release|iPhone
		{2A6E07AB-7D59-4A36-BFFD-B8D35FA34458}.Release|iPhoneSimulator.ActiveCfg = Release|iPhoneSimulator
		{2A6E07AB-7D59-4A36-BFFD-B8D35FA34458}.Release|iPhoneSimulator.Build.0 = Release|iPhoneSimulator
	EndGlobalSection
	GlobalSection(SolutionProperties) = preSolution
		HideSolutionNode = FALSE
	EndGlobalSection
	GlobalSection(ExtensibilityGlobals) = postSolution
		SolutionGuid = {A8601CAE-3B11-4727-99C1-93AF87F09C49}
	EndGlobalSection
EndGlobal
